# This file is automatically @generated by Cargo.
# It is not intended for manual editing.
version = 4

[[package]]
name = "pa-agent"
version = "0.1.0"

[[package]]
name = "pa-ai"
version = "0.1.0"

[[package]]
name = "pa-cli"
version = "0.1.0"

[[package]]
name = "pa-core"
version = "0.1.0"

[[package]]
name = "pa-daemon"
version = "0.1.0"

[[package]]
name = "pa-tui"
version = "0.1.0"

[[package]]
name = "pa-types"
version = "0.1.0"
